// !$*UTF8*$!
{
	archiveVersion = 1;
	classes = {
	};
	objectVersion = 46;
	objects = {

/* Begin PBXBuildFile section */
		0574973498B08B97661ED30C /* Pods_Makestagram.framework in Frameworks */ = {isa = PBXBuildFile; fileRef = 3B8DDDD15B8020B2C7508725 /* Pods_Makestagram.framework */; };
		BA2E2CB91EF1BFDA003220EF /* CreateUsernameViewController.swift in Sources */ = {isa = PBXBuildFile; fileRef = BA2E2CB81EF1BFDA003220EF /* CreateUsernameViewController.swift */; };
		BA349C171EEB3A960084F65F /* AppDelegate.swift in Sources */ = {isa = PBXBuildFile; fileRef = BA349C161EEB3A960084F65F /* AppDelegate.swift */; };
		BA349C1E1EEB3A960084F65F /* Assets.xcassets in Resources */ = {isa = PBXBuildFile; fileRef = BA349C1D1EEB3A960084F65F /* Assets.xcassets */; };
		BA349C2F1EEB3D300084F65F /* LaunchScreen.storyboard in Resources */ = {isa = PBXBuildFile; fileRef = BA349C2E1EEB3D300084F65F /* LaunchScreen.storyboard */; };
		BA349C311EEB3D380084F65F /* Main.storyboard in Resources */ = {isa = PBXBuildFile; fileRef = BA349C301EEB3D380084F65F /* Main.storyboard */; };
		BA349C331EEB3D410084F65F /* GoogleService-Info.plist in Resources */ = {isa = PBXBuildFile; fileRef = BA349C321EEB3D410084F65F /* GoogleService-Info.plist */; };
		BA4EA4131EEB91B000C2C096 /* Login.storyboard in Resources */ = {isa = PBXBuildFile; fileRef = BA4EA4121EEB91B000C2C096 /* Login.storyboard */; };
		BA4EA4151EEB936000C2C096 /* LoginViewController.swift in Sources */ = {isa = PBXBuildFile; fileRef = BA4EA4141EEB936000C2C096 /* LoginViewController.swift */; };
		BA63B76E1EF394B800B455F8 /* UserServices.swift in Sources */ = {isa = PBXBuildFile; fileRef = BA63B76D1EF394B800B455F8 /* UserServices.swift */; };
		BAE76CB01EF95503006D683F /* MainTabBarController.swift in Sources */ = {isa = PBXBuildFile; fileRef = BAE76CAF1EF95503006D683F /* MainTabBarController.swift */; };
		BAE76CB31EF95D2F006D683F /* MGPhotoHelper.swift in Sources */ = {isa = PBXBuildFile; fileRef = BAE76CB21EF95D2F006D683F /* MGPhotoHelper.swift */; };
		BAE76CB51EF97102006D683F /* StorageService.swift in Sources */ = {isa = PBXBuildFile; fileRef = BAE76CB41EF97102006D683F /* StorageService.swift */; };
		BAE76CB81EF97563006D683F /* PostService.swift in Sources */ = {isa = PBXBuildFile; fileRef = BAE76CB71EF97563006D683F /* PostService.swift */; };
		BAE76CBA1EF97A1D006D683F /* Post.swift in Sources */ = {isa = PBXBuildFile; fileRef = BAE76CB91EF97A1D006D683F /* Post.swift */; };
		BAE76CBC1EF97A46006D683F /* User.swift in Sources */ = {isa = PBXBuildFile; fileRef = BAE76CBB1EF97A46006D683F /* User.swift */; };
		BAE76CBE1EF990E9006D683F /* UIImage+Size.swift in Sources */ = {isa = PBXBuildFile; fileRef = BAE76CBD1EF990E9006D683F /* UIImage+Size.swift */; };
		BAE76CC01EF99245006D683F /* StorageReference+Post.swift in Sources */ = {isa = PBXBuildFile; fileRef = BAE76CBF1EF99245006D683F /* StorageReference+Post.swift */; };
		BAE76CC21EF997AE006D683F /* Home.storyboard in Resources */ = {isa = PBXBuildFile; fileRef = BAE76CC11EF997AE006D683F /* Home.storyboard */; };
		BAE76CC51EF9AB1C006D683F /* PostImageCell.swift in Sources */ = {isa = PBXBuildFile; fileRef = BAE76CC41EF9AB1C006D683F /* PostImageCell.swift */; };
		BAEFA6CE1EF84653000BC451 /* Constants.swift in Sources */ = {isa = PBXBuildFile; fileRef = BAEFA6CD1EF84653000BC451 /* Constants.swift */; };
		BAEFA6D11EF84A5D000BC451 /* Storyboard+Utility.swift in Sources */ = {isa = PBXBuildFile; fileRef = BAEFA6D01EF84A5D000BC451 /* Storyboard+Utility.swift */; };
		BAEFA6D31EF8631C000BC451 /* HomeViewController.swift in Sources */ = {isa = PBXBuildFile; fileRef = BAEFA6D21EF8631C000BC451 /* HomeViewController.swift */; };
		BAEFA6D51EF86333000BC451 /* FindFriendsViewController.swift in Sources */ = {isa = PBXBuildFile; fileRef = BAEFA6D41EF86333000BC451 /* FindFriendsViewController.swift */; };
/* End PBXBuildFile section */

/* Begin PBXFileReference section */
		3B8DDDD15B8020B2C7508725 /* Pods_Makestagram.framework */ = {isa = PBXFileReference; explicitFileType = wrapper.framework; includeInIndex = 0; path = Pods_Makestagram.framework; sourceTree = BUILT_PRODUCTS_DIR; };
		BA2E2CB81EF1BFDA003220EF /* CreateUsernameViewController.swift */ = {isa = PBXFileReference; fileEncoding = 4; lastKnownFileType = sourcecode.swift; name = CreateUsernameViewController.swift; path = Controllers/CreateUsernameViewController.swift; sourceTree = "<group>"; };
		BA349C131EEB3A960084F65F /* Makestagram.app */ = {isa = PBXFileReference; explicitFileType = wrapper.application; includeInIndex = 0; path = Makestagram.app; sourceTree = BUILT_PRODUCTS_DIR; };
		BA349C161EEB3A960084F65F /* AppDelegate.swift */ = {isa = PBXFileReference; lastKnownFileType = sourcecode.swift; path = AppDelegate.swift; sourceTree = "<group>"; };
		BA349C1D1EEB3A960084F65F /* Assets.xcassets */ = {isa = PBXFileReference; lastKnownFileType = folder.assetcatalog; path = Assets.xcassets; sourceTree = "<group>"; };
		BA349C2E1EEB3D300084F65F /* LaunchScreen.storyboard */ = {isa = PBXFileReference; fileEncoding = 4; lastKnownFileType = file.storyboard; name = LaunchScreen.storyboard; path = Storyboards/LaunchScreen.storyboard; sourceTree = "<group>"; };
		BA349C301EEB3D380084F65F /* Main.storyboard */ = {isa = PBXFileReference; fileEncoding = 4; lastKnownFileType = file.storyboard; name = Main.storyboard; path = Storyboards/Main.storyboard; sourceTree = "<group>"; };
		BA349C321EEB3D410084F65F /* GoogleService-Info.plist */ = {isa = PBXFileReference; fileEncoding = 4; lastKnownFileType = text.plist.xml; name = "GoogleService-Info.plist"; path = "Supporting/GoogleService-Info.plist"; sourceTree = "<group>"; };
		BA349C341EEB3D4A0084F65F /* Info.plist */ = {isa = PBXFileReference; fileEncoding = 4; lastKnownFileType = text.plist.xml; name = Info.plist; path = Supporting/Info.plist; sourceTree = "<group>"; };
		BA4EA4121EEB91B000C2C096 /* Login.storyboard */ = {isa = PBXFileReference; fileEncoding = 4; lastKnownFileType = file.storyboard; name = Login.storyboard; path = Storyboards/Login.storyboard; sourceTree = "<group>"; };
		BA4EA4141EEB936000C2C096 /* LoginViewController.swift */ = {isa = PBXFileReference; fileEncoding = 4; lastKnownFileType = sourcecode.swift; name = LoginViewController.swift; path = Controllers/LoginViewController.swift; sourceTree = "<group>"; };
		BA63B76D1EF394B800B455F8 /* UserServices.swift */ = {isa = PBXFileReference; fileEncoding = 4; lastKnownFileType = sourcecode.swift; name = UserServices.swift; path = Services/UserServices.swift; sourceTree = "<group>"; };
		BAE76CAF1EF95503006D683F /* MainTabBarController.swift */ = {isa = PBXFileReference; fileEncoding = 4; lastKnownFileType = sourcecode.swift; name = MainTabBarController.swift; path = Controllers/MainTabBarController.swift; sourceTree = "<group>"; };
		BAE76CB21EF95D2F006D683F /* MGPhotoHelper.swift */ = {isa = PBXFileReference; fileEncoding = 4; lastKnownFileType = sourcecode.swift; name = MGPhotoHelper.swift; path = Helpers/MGPhotoHelper.swift; sourceTree = "<group>"; };
		BAE76CB41EF97102006D683F /* StorageService.swift */ = {isa = PBXFileReference; fileEncoding = 4; lastKnownFileType = sourcecode.swift; name = StorageService.swift; path = Services/StorageService.swift; sourceTree = "<group>"; };
		BAE76CB71EF97563006D683F /* PostService.swift */ = {isa = PBXFileReference; fileEncoding = 4; lastKnownFileType = sourcecode.swift; name = PostService.swift; path = Services/PostService.swift; sourceTree = "<group>"; };
		BAE76CB91EF97A1D006D683F /* Post.swift */ = {isa = PBXFileReference; fileEncoding = 4; lastKnownFileType = sourcecode.swift; name = Post.swift; path = Models/Post.swift; sourceTree = "<group>"; };
		BAE76CBB1EF97A46006D683F /* User.swift */ = {isa = PBXFileReference; fileEncoding = 4; lastKnownFileType = sourcecode.swift; name = User.swift; path = Models/User.swift; sourceTree = "<group>"; };
		BAE76CBD1EF990E9006D683F /* UIImage+Size.swift */ = {isa = PBXFileReference; fileEncoding = 4; lastKnownFileType = sourcecode.swift; name = "UIImage+Size.swift"; path = "Extensions/UIImage+Size.swift"; sourceTree = "<group>"; };
		BAE76CBF1EF99245006D683F /* StorageReference+Post.swift */ = {isa = PBXFileReference; fileEncoding = 4; lastKnownFileType = sourcecode.swift; name = "StorageReference+Post.swift"; path = "Extensions/StorageReference+Post.swift"; sourceTree = "<group>"; };
		BAE76CC11EF997AE006D683F /* Home.storyboard */ = {isa = PBXFileReference; fileEncoding = 4; lastKnownFileType = file.storyboard; name = Home.storyboard; path = Storyboards/Home.storyboard; sourceTree = "<group>"; };
		BAE76CC41EF9AB1C006D683F /* PostImageCell.swift */ = {isa = PBXFileReference; fileEncoding = 4; lastKnownFileType = sourcecode.swift; name = PostImageCell.swift; path = Views/PostImageCell.swift; sourceTree = "<group>"; };
		BAEFA6CD1EF84653000BC451 /* Constants.swift */ = {isa = PBXFileReference; fileEncoding = 4; lastKnownFileType = sourcecode.swift; name = Constants.swift; path = Supporting/Constants.swift; sourceTree = "<group>"; };
		BAEFA6D01EF84A5D000BC451 /* Storyboard+Utility.swift */ = {isa = PBXFileReference; fileEncoding = 4; lastKnownFileType = sourcecode.swift; name = "Storyboard+Utility.swift"; path = "Extensions/Storyboard+Utility.swift"; sourceTree = "<group>"; };
		BAEFA6D21EF8631C000BC451 /* HomeViewController.swift */ = {isa = PBXFileReference; fileEncoding = 4; lastKnownFileType = sourcecode.swift; name = HomeViewController.swift; path = Controllers/HomeViewController.swift; sourceTree = "<group>"; };
		BAEFA6D41EF86333000BC451 /* FindFriendsViewController.swift */ = {isa = PBXFileReference; fileEncoding = 4; lastKnownFileType = sourcecode.swift; name = FindFriendsViewController.swift; path = Controllers/FindFriendsViewController.swift; sourceTree = "<group>"; };
		CE8592A0E759696F7B20A840 /* Pods-Makestagram.release.xcconfig */ = {isa = PBXFileReference; includeInIndex = 1; lastKnownFileType = text.xcconfig; name = "Pods-Makestagram.release.xcconfig"; path = "Pods/Target Support Files/Pods-Makestagram/Pods-Makestagram.release.xcconfig"; sourceTree = "<group>"; };
		FAD88AE5C62A3E24DC370A08 /* Pods-Makestagram.debug.xcconfig */ = {isa = PBXFileReference; includeInIndex = 1; lastKnownFileType = text.xcconfig; name = "Pods-Makestagram.debug.xcconfig"; path = "Pods/Target Support Files/Pods-Makestagram/Pods-Makestagram.debug.xcconfig"; sourceTree = "<group>"; };
/* End PBXFileReference section */

/* Begin PBXFrameworksBuildPhase section */
		BA349C101EEB3A960084F65F /* Frameworks */ = {
			isa = PBXFrameworksBuildPhase;
			buildActionMask = 2147483647;
			files = (
				0574973498B08B97661ED30C /* Pods_Makestagram.framework in Frameworks */,
			);
			runOnlyForDeploymentPostprocessing = 0;
		};
/* End PBXFrameworksBuildPhase section */

/* Begin PBXGroup section */
		1FA159FC74269DDEB48982EE /* Frameworks */ = {
			isa = PBXGroup;
			children = (
				3B8DDDD15B8020B2C7508725 /* Pods_Makestagram.framework */,
			);
			name = Frameworks;
			sourceTree = "<group>";
		};
		BA2538BE1EEB3F5700A3D077 /* Supporting Files */ = {
			isa = PBXGroup;
			children = (
				BAEFA6CD1EF84653000BC451 /* Constants.swift */,
				BA349C2E1EEB3D300084F65F /* LaunchScreen.storyboard */,
				BA349C341EEB3D4A0084F65F /* Info.plist */,
				BA349C321EEB3D410084F65F /* GoogleService-Info.plist */,
			);
			name = "Supporting Files";
			sourceTree = "<group>";
		};
		BA2538BF1EEB3FD700A3D077 /* Storyboards */ = {
			isa = PBXGroup;
			children = (
				BA349C301EEB3D380084F65F /* Main.storyboard */,
				BAE76CC11EF997AE006D683F /* Home.storyboard */,
				BA4EA4121EEB91B000C2C096 /* Login.storyboard */,
			);
			name = Storyboards;
			sourceTree = "<group>";
		};
		BA2538C01EEB3FF300A3D077 /* View Controllers */ = {
			isa = PBXGroup;
			children = (
				BA4EA4141EEB936000C2C096 /* LoginViewController.swift */,
				BA2E2CB81EF1BFDA003220EF /* CreateUsernameViewController.swift */,
				BAEFA6D21EF8631C000BC451 /* HomeViewController.swift */,
				BAEFA6D41EF86333000BC451 /* FindFriendsViewController.swift */,
				BAE76CAF1EF95503006D683F /* MainTabBarController.swift */,
			);
			name = "View Controllers";
			sourceTree = "<group>";
		};
		BA349C0A1EEB3A960084F65F = {
			isa = PBXGroup;
			children = (
				BA349C151EEB3A960084F65F /* Makestagram */,
				BA349C141EEB3A960084F65F /* Products */,
				DDBF50C1865BB0C42E39DC30 /* Pods */,
				1FA159FC74269DDEB48982EE /* Frameworks */,
			);
			sourceTree = "<group>";
		};
		BA349C141EEB3A960084F65F /* Products */ = {
			isa = PBXGroup;
			children = (
				BA349C131EEB3A960084F65F /* Makestagram.app */,
			);
			name = Products;
			sourceTree = "<group>";
		};
		BA349C151EEB3A960084F65F /* Makestagram */ = {
			isa = PBXGroup;
			children = (
				BA349C161EEB3A960084F65F /* AppDelegate.swift */,
				BA63B76F1EF394BE00B455F8 /* Services */,
				BA2538C01EEB3FF300A3D077 /* View Controllers */,
				BAE76CC31EF9AAC8006D683F /* Views */,
				BAD6CEF91EEEF738008746CD /* Models */,
				BA2538BF1EEB3FD700A3D077 /* Storyboards */,
				BA349C1D1EEB3A960084F65F /* Assets.xcassets */,
				BAEFA6CF1EF84A31000BC451 /* Extensions */,
				BAE76CB11EF95CEF006D683F /* Helpers */,
				BA2538BE1EEB3F5700A3D077 /* Supporting Files */,
			);
			path = Makestagram;
			sourceTree = "<group>";
		};
		BA63B76F1EF394BE00B455F8 /* Services */ = {
			isa = PBXGroup;
			children = (
				BA63B76D1EF394B800B455F8 /* UserServices.swift */,
				BAE76CB41EF97102006D683F /* StorageService.swift */,
				BAE76CB71EF97563006D683F /* PostService.swift */,
			);
			name = Services;
			sourceTree = "<group>";
		};
		BAD6CEF91EEEF738008746CD /* Models */ = {
			isa = PBXGroup;
			children = (
				BAE76CBB1EF97A46006D683F /* User.swift */,
				BAE76CB91EF97A1D006D683F /* Post.swift */,
			);
			name = Models;
			sourceTree = "<group>";
		};
		BAE76CB11EF95CEF006D683F /* Helpers */ = {
			isa = PBXGroup;
			children = (
				BAE76CB21EF95D2F006D683F /* MGPhotoHelper.swift */,
			);
			name = Helpers;
			sourceTree = "<group>";
		};
		BAE76CC31EF9AAC8006D683F /* Views */ = {
			isa = PBXGroup;
			children = (
				BAE76CC41EF9AB1C006D683F /* PostImageCell.swift */,
			);
			name = Views;
			sourceTree = "<group>";
		};
		BAEFA6CF1EF84A31000BC451 /* Extensions */ = {
			isa = PBXGroup;
			children = (
				BAEFA6D01EF84A5D000BC451 /* Storyboard+Utility.swift */,
				BAE76CBD1EF990E9006D683F /* UIImage+Size.swift */,
				BAE76CBF1EF99245006D683F /* StorageReference+Post.swift */,
			);
			name = Extensions;
			sourceTree = "<group>";
		};
		DDBF50C1865BB0C42E39DC30 /* Pods */ = {
			isa = PBXGroup;
			children = (
				FAD88AE5C62A3E24DC370A08 /* Pods-Makestagram.debug.xcconfig */,
				CE8592A0E759696F7B20A840 /* Pods-Makestagram.release.xcconfig */,
			);
			name = Pods;
			sourceTree = "<group>";
		};
/* End PBXGroup section */

/* Begin PBXNativeTarget section */
		BA349C121EEB3A960084F65F /* Makestagram */ = {
			isa = PBXNativeTarget;
			buildConfigurationList = BA349C251EEB3A960084F65F /* Build configuration list for PBXNativeTarget "Makestagram" */;
			buildPhases = (
				88FC5F2E185910D74F6E91F8 /* [CP] Check Pods Manifest.lock */,
				BA349C0F1EEB3A960084F65F /* Sources */,
				BA349C101EEB3A960084F65F /* Frameworks */,
				BA349C111EEB3A960084F65F /* Resources */,
				90649C721BE13196D76AEAA5 /* [CP] Embed Pods Frameworks */,
				D1FBCDDF3B0116CC333E8A13 /* [CP] Copy Pods Resources */,
			);
			buildRules = (
			);
			dependencies = (
			);
			name = Makestagram;
			productName = Makestagram;
			productReference = BA349C131EEB3A960084F65F /* Makestagram.app */;
			productType = "com.apple.product-type.application";
		};
/* End PBXNativeTarget section */

/* Begin PBXProject section */
		BA349C0B1EEB3A960084F65F /* Project object */ = {
			isa = PBXProject;
			attributes = {
				LastSwiftUpdateCheck = 0830;
				LastUpgradeCheck = 0830;
				ORGANIZATIONNAME = "Jordan Harvey-Morgan";
				TargetAttributes = {
					BA349C121EEB3A960084F65F = {
						CreatedOnToolsVersion = 8.3.3;
						DevelopmentTeam = C9L43P9G27;
						ProvisioningStyle = Automatic;
					};
				};
			};
			buildConfigurationList = BA349C0E1EEB3A960084F65F /* Build configuration list for PBXProject "Makestagram" */;
			compatibilityVersion = "Xcode 3.2";
			developmentRegion = English;
			hasScannedForEncodings = 0;
			knownRegions = (
				en,
				Base,
			);
			mainGroup = BA349C0A1EEB3A960084F65F;
			productRefGroup = BA349C141EEB3A960084F65F /* Products */;
			projectDirPath = "";
			projectRoot = "";
			targets = (
				BA349C121EEB3A960084F65F /* Makestagram */,
			);
		};
/* End PBXProject section */

/* Begin PBXResourcesBuildPhase section */
		BA349C111EEB3A960084F65F /* Resources */ = {
			isa = PBXResourcesBuildPhase;
			buildActionMask = 2147483647;
			files = (
				BA349C311EEB3D380084F65F /* Main.storyboard in Resources */,
				BA349C331EEB3D410084F65F /* GoogleService-Info.plist in Resources */,
				BA349C1E1EEB3A960084F65F /* Assets.xcassets in Resources */,
				BAE76CC21EF997AE006D683F /* Home.storyboard in Resources */,
				BA4EA4131EEB91B000C2C096 /* Login.storyboard in Resources */,
				BA349C2F1EEB3D300084F65F /* LaunchScreen.storyboard in Resources */,
			);
			runOnlyForDeploymentPostprocessing = 0;
		};
/* End PBXResourcesBuildPhase section */

/* Begin PBXShellScriptBuildPhase section */
		88FC5F2E185910D74F6E91F8 /* [CP] Check Pods Manifest.lock */ = {
			isa = PBXShellScriptBuildPhase;
			buildActionMask = 2147483647;
			files = (
			);
			inputPaths = (
			);
			name = "[CP] Check Pods Manifest.lock";
			outputPaths = (
			);
			runOnlyForDeploymentPostprocessing = 0;
			shellPath = /bin/sh;
			shellScript = "diff \"${PODS_ROOT}/../Podfile.lock\" \"${PODS_ROOT}/Manifest.lock\" > /dev/null\nif [ $? != 0 ] ; then\n    # print error to STDERR\n    echo \"error: The sandbox is not in sync with the Podfile.lock. Run 'pod install' or update your CocoaPods installation.\" >&2\n    exit 1\nfi\n";
			showEnvVarsInLog = 0;
		};
		90649C721BE13196D76AEAA5 /* [CP] Embed Pods Frameworks */ = {
			isa = PBXShellScriptBuildPhase;
			buildActionMask = 2147483647;
			files = (
			);
			inputPaths = (
			);
			name = "[CP] Embed Pods Frameworks";
			outputPaths = (
			);
			runOnlyForDeploymentPostprocessing = 0;
			shellPath = /bin/sh;
			shellScript = "\"${SRCROOT}/Pods/Target Support Files/Pods-Makestagram/Pods-Makestagram-frameworks.sh\"\n";
			showEnvVarsInLog = 0;
		};
		D1FBCDDF3B0116CC333E8A13 /* [CP] Copy Pods Resources */ = {
			isa = PBXShellScriptBuildPhase;
			buildActionMask = 2147483647;
			files = (
			);
			inputPaths = (
			);
			name = "[CP] Copy Pods Resources";
			outputPaths = (
			);
			runOnlyForDeploymentPostprocessing = 0;
			shellPath = /bin/sh;
			shellScript = "\"${SRCROOT}/Pods/Target Support Files/Pods-Makestagram/Pods-Makestagram-resources.sh\"\n";
			showEnvVarsInLog = 0;
		};
/* End PBXShellScriptBuildPhase section */

/* Begin PBXSourcesBuildPhase section */
		BA349C0F1EEB3A960084F65F /* Sources */ = {
			isa = PBXSourcesBuildPhase;
			buildActionMask = 2147483647;
			files = (
				BAE76CB51EF97102006D683F /* StorageService.swift in Sources */,
				BA4EA4151EEB936000C2C096 /* LoginViewController.swift in Sources */,
				BAE76CB01EF95503006D683F /* MainTabBarController.swift in Sources */,
				BAEFA6D11EF84A5D000BC451 /* Storyboard+Utility.swift in Sources */,
				BAE76CBA1EF97A1D006D683F /* Post.swift in Sources */,
				BAEFA6D31EF8631C000BC451 /* HomeViewController.swift in Sources */,
				BAE76CC51EF9AB1C006D683F /* PostImageCell.swift in Sources */,
				BAE76CBE1EF990E9006D683F /* UIImage+Size.swift in Sources */,
				BAE76CB31EF95D2F006D683F /* MGPhotoHelper.swift in Sources */,
				BA2E2CB91EF1BFDA003220EF /* CreateUsernameViewController.swift in Sources */,
				BAE76CBC1EF97A46006D683F /* User.swift in Sources */,
				BAEFA6D51EF86333000BC451 /* FindFriendsViewController.swift in Sources */,
				BAE76CC01EF99245006D683F /* StorageReference+Post.swift in Sources */,
				BAEFA6CE1EF84653000BC451 /* Constants.swift in Sources */,
				BAE76CB81EF97563006D683F /* PostService.swift in Sources */,
				BA63B76E1EF394B800B455F8 /* UserServices.swift in Sources */,
				BA349C171EEB3A960084F65F /* AppDelegate.swift in Sources */,
			);
			runOnlyForDeploymentPostprocessing = 0;
		};
/* End PBXSourcesBuildPhase section */

/* Begin XCBuildConfiguration section */
		BA349C231EEB3A960084F65F /* Debug */ = {
			isa = XCBuildConfiguration;
			buildSettings = {
				ALWAYS_SEARCH_USER_PATHS = NO;
				CLANG_ANALYZER_NONNULL = YES;
				CLANG_ANALYZER_NUMBER_OBJECT_CONVERSION = YES_AGGRESSIVE;
				CLANG_CXX_LANGUAGE_STANDARD = "gnu++0x";
				CLANG_CXX_LIBRARY = "libc++";
				CLANG_ENABLE_MODULES = YES;
				CLANG_ENABLE_OBJC_ARC = YES;
				CLANG_WARN_BOOL_CONVERSION = YES;
				CLANG_WARN_CONSTANT_CONVERSION = YES;
				CLANG_WARN_DIRECT_OBJC_ISA_USAGE = YES_ERROR;
				CLANG_WARN_DOCUMENTATION_COMMENTS = YES;
				CLANG_WARN_EMPTY_BODY = YES;
				CLANG_WARN_ENUM_CONVERSION = YES;
				CLANG_WARN_INFINITE_RECURSION = YES;
				CLANG_WARN_INT_CONVERSION = YES;
				CLANG_WARN_OBJC_ROOT_CLASS = YES_ERROR;
				CLANG_WARN_SUSPICIOUS_MOVE = YES;
				CLANG_WARN_UNREACHABLE_CODE = YES;
				CLANG_WARN__DUPLICATE_METHOD_MATCH = YES;
				"CODE_SIGN_IDENTITY[sdk=iphoneos*]" = "iPhone Developer";
				COPY_PHASE_STRIP = NO;
				DEBUG_INFORMATION_FORMAT = dwarf;
				ENABLE_STRICT_OBJC_MSGSEND = YES;
				ENABLE_TESTABILITY = YES;
				GCC_C_LANGUAGE_STANDARD = gnu99;
				GCC_DYNAMIC_NO_PIC = NO;
				GCC_NO_COMMON_BLOCKS = YES;
				GCC_OPTIMIZATION_LEVEL = 0;
				GCC_PREPROCESSOR_DEFINITIONS = (
					"DEBUG=1",
					"$(inherited)",
				);
				GCC_WARN_64_TO_32_BIT_CONVERSION = YES;
				GCC_WARN_ABOUT_RETURN_TYPE = YES_ERROR;
				GCC_WARN_UNDECLARED_SELECTOR = YES;
				GCC_WARN_UNINITIALIZED_AUTOS = YES_AGGRESSIVE;
				GCC_WARN_UNUSED_FUNCTION = YES;
				GCC_WARN_UNUSED_VARIABLE = YES;
				IPHONEOS_DEPLOYMENT_TARGET = 10.3;
				MTL_ENABLE_DEBUG_INFO = YES;
				ONLY_ACTIVE_ARCH = YES;
				SDKROOT = iphoneos;
				SWIFT_ACTIVE_COMPILATION_CONDITIONS = DEBUG;
				SWIFT_OPTIMIZATION_LEVEL = "-Onone";
			};
			name = Debug;
		};
		BA349C241EEB3A960084F65F /* Release */ = {
			isa = XCBuildConfiguration;
			buildSettings = {
				ALWAYS_SEARCH_USER_PATHS = NO;
				CLANG_ANALYZER_NONNULL = YES;
				CLANG_ANALYZER_NUMBER_OBJECT_CONVERSION = YES_AGGRESSIVE;
				CLANG_CXX_LANGUAGE_STANDARD = "gnu++0x";
				CLANG_CXX_LIBRARY = "libc++";
				CLANG_ENABLE_MODULES = YES;
				CLANG_ENABLE_OBJC_ARC = YES;
				CLANG_WARN_BOOL_CONVERSION = YES;
				CLANG_WARN_CONSTANT_CONVERSION = YES;
				CLANG_WARN_DIRECT_OBJC_ISA_USAGE = YES_ERROR;
				CLANG_WARN_DOCUMENTATION_COMMENTS = YES;
				CLANG_WARN_EMPTY_BODY = YES;
				CLANG_WARN_ENUM_CONVERSION = YES;
				CLANG_WARN_INFINITE_RECURSION = YES;
				CLANG_WARN_INT_CONVERSION = YES;
				CLANG_WARN_OBJC_ROOT_CLASS = YES_ERROR;
				CLANG_WARN_SUSPICIOUS_MOVE = YES;
				CLANG_WARN_UNREACHABLE_CODE = YES;
				CLANG_WARN__DUPLICATE_METHOD_MATCH = YES;
				"CODE_SIGN_IDENTITY[sdk=iphoneos*]" = "iPhone Developer";
				COPY_PHASE_STRIP = NO;
				DEBUG_INFORMATION_FORMAT = "dwarf-with-dsym";
				ENABLE_NS_ASSERTIONS = NO;
				ENABLE_STRICT_OBJC_MSGSEND = YES;
				GCC_C_LANGUAGE_STANDARD = gnu99;
				GCC_NO_COMMON_BLOCKS = YES;
				GCC_WARN_64_TO_32_BIT_CONVERSION = YES;
				GCC_WARN_ABOUT_RETURN_TYPE = YES_ERROR;
				GCC_WARN_UNDECLARED_SELECTOR = YES;
				GCC_WARN_UNINITIALIZED_AUTOS = YES_AGGRESSIVE;
				GCC_WARN_UNUSED_FUNCTION = YES;
				GCC_WARN_UNUSED_VARIABLE = YES;
				IPHONEOS_DEPLOYMENT_TARGET = 10.3;
				MTL_ENABLE_DEBUG_INFO = NO;
				SDKROOT = iphoneos;
				SWIFT_OPTIMIZATION_LEVEL = "-Owholemodule";
				VALIDATE_PRODUCT = YES;
			};
			name = Release;
		};
		BA349C261EEB3A960084F65F /* Debug */ = {
			isa = XCBuildConfiguration;
			baseConfigurationReference = FAD88AE5C62A3E24DC370A08 /* Pods-Makestagram.debug.xcconfig */;
			buildSettings = {
				ASSETCATALOG_COMPILER_APPICON_NAME = AppIcon;
				DEVELOPMENT_TEAM = C9L43P9G27;
				INFOPLIST_FILE = "$(SRCROOT)/Makestagram/Supporting/Info.plist";
				LD_RUNPATH_SEARCH_PATHS = "$(inherited) @executable_path/Frameworks";
				PRODUCT_BUNDLE_IDENTIFIER = com.jharveymorgan.Makestagram;
				PRODUCT_NAME = "$(TARGET_NAME)";
				SWIFT_VERSION = 3.0;
			};
			name = Debug;
		};
		BA349C271EEB3A960084F65F /* Release */ = {
			isa = XCBuildConfiguration;
			baseConfigurationReference = CE8592A0E759696F7B20A840 /* Pods-Makestagram.release.xcconfig */;
			buildSettings = {
				ASSETCATALOG_COMPILER_APPICON_NAME = AppIcon;
				DEVELOPMENT_TEAM = C9L43P9G27;
				INFOPLIST_FILE = "$(SRCROOT)/Makestagram/Supporting/Info.plist";
				LD_RUNPATH_SEARCH_PATHS = "$(inherited) @executable_path/Frameworks";
				PRODUCT_BUNDLE_IDENTIFIER = com.jharveymorgan.Makestagram;
				PRODUCT_NAME = "$(TARGET_NAME)";
				SWIFT_VERSION = 3.0;
			};
			name = Release;
		};
/* End XCBuildConfiguration section */

/* Begin XCConfigurationList section */
		BA349C0E1EEB3A960084F65F /* Build configuration list for PBXProject "Makestagram" */ = {
			isa = XCConfigurationList;
			buildConfigurations = (
				BA349C231EEB3A960084F65F /* Debug */,
				BA349C241EEB3A960084F65F /* Release */,
			);
			defaultConfigurationIsVisible = 0;
			defaultConfigurationName = Release;
		};
		BA349C251EEB3A960084F65F /* Build configuration list for PBXNativeTarget "Makestagram" */ = {
			isa = XCConfigurationList;
			buildConfigurations = (
				BA349C261EEB3A960084F65F /* Debug */,
				BA349C271EEB3A960084F65F /* Release */,
			);
			defaultConfigurationIsVisible = 0;
			defaultConfigurationName = Release;
		};
/* End XCConfigurationList section */
	};
	rootObject = BA349C0B1EEB3A960084F65F /* Project object */;
}
